# This file is autogenerated, do not edit; changes may be undone by the next 'dep ensure'.


[[projects]]
  name = "github.com/pkg/errors"
  packages = ["."]
  revision = "645ef00459ed84a119197bfb8d8205042c6df63d"
  version = "v0.8.0"

[[projects]]
  branch = "master"
  name = "golang.org/x/net"
  packages = [
    "context",
    "context/ctxhttp"
  ]
  revision = "2491c5de3490fced2f6cff376127c667efeed857"

[[projects]]
  branch = "master"
  name = "golang.org/x/oauth2"
  packages = [
    ".",
    "clientcredentials",
    "internal"
  ]
  revision = "cdc340f7c179dbbfa4afd43b7614e8fcadde4269"

[solve-meta]
  analyzer-name = "dep"
  analyzer-version = 1
  inputs-digest = "8438b94874c7aadb2e86040cedaa26de8a51362a91e7de273996f128fe862a96"
  solver-name = "gps-cdcl"
  solver-version = 1
