# This file is autogenerated, do not edit; changes may be undone by the next 'dep ensure'.


[[projects]]
  name = "github.com/pkg/errors"
  packages = ["."]
  revision = "645ef00459ed84a119197bfb8d8205042c6df63d"
  version = "v0.8.0"

[[projects]]
  branch = "master"
  name = "golang.org/x/net"
  packages = ["context","context/ctxhttp"]
  revision = "0a9397675ba34b2845f758fe3cd68828369c6517"

[[projects]]
  branch = "master"
  name = "golang.org/x/oauth2"
  packages = [".","clientcredentials","internal"]
  revision = "bb50c06baba3d0c76f9d125c0719093e315b5b44"

[solve-meta]
  analyzer-name = "dep"
  analyzer-version = 1
  inputs-digest = "8438b94874c7aadb2e86040cedaa26de8a51362a91e7de273996f128fe862a96"
  solver-name = "gps-cdcl"
  solver-version = 1
